
Microsoft Visual Studio Solution File, Format Version 12.00
# Visual Studio Version 17
VisualStudioVersion = 17.3.32825.248
MinimumVisualStudioVersion = 10.0.40219.1
Project("{FAE04EC0-301F-11D3-BF4B-00C04F79EFBC}") = "OOPLab5", "OOPLab5\OOPLab5.csproj", "{2393A3BF-2463-4C06-80A1-1D31EC2B132C}"
EndProject
Global
	GlobalSection(SolutionConfigurationPlatforms) = preSolution
		Debug|Any CPU = Debug|Any CPU
		Release|Any CPU = Release|Any CPU
	EndGlobalSection
	GlobalSection(ProjectConfigurationPlatforms) = postSolution
		{2393A3BF-2463-4C06-80A1-1D31EC2B132C}.Debug|Any CPU.ActiveCfg = Debug|Any CPU
		{2393A3BF-2463-4C06-80A1-1D31EC2B132C}.Debug|Any CPU.Build.0 = Debug|Any CPU
		{2393A3BF-2463-4C06-80A1-1D31EC2B132C}.Release|Any CPU.ActiveCfg = Release|Any CPU
		{2393A3BF-2463-4C06-80A1-1D31EC2B132C}.Release|Any CPU.Build.0 = Release|Any CPU
	EndGlobalSection
	GlobalSection(SolutionProperties) = preSolution
		HideSolutionNode = FALSE
	EndGlobalSection
	GlobalSection(ExtensibilityGlobals) = postSolution
		SolutionGuid = {9FC89B11-792B-4EB5-B078-2DF7D3A22978}
	EndGlobalSection
EndGlobal
